// !$*UTF8*$!
{
	archiveVersion = 1;
	classes = {
	};
	objectVersion = 77;
	objects = {

/* Begin PBXBuildFile section */
		633E48C72D7200FD006D690A /* FirebaseFunctions in Frameworks */ = {isa = PBXBuildFile; productRef = 633E48C62D7200FD006D690A /* FirebaseFunctions */; };
		63A749DD2D701657000A5F2E /* FirebaseAuth in Frameworks */ = {isa = PBXBuildFile; productRef = 63A749DC2D701657000A5F2E /* FirebaseAuth */; };
		63A749DF2D701657000A5F2E /* FirebaseFirestore in Frameworks */ = {isa = PBXBuildFile; productRef = 63A749DE2D701657000A5F2E /* FirebaseFirestore */; };
		63A749E12D701657000A5F2E /* FirebaseMessaging in Frameworks */ = {isa = PBXBuildFile; productRef = 63A749E02D701657000A5F2E /* FirebaseMessaging */; };
		63A749E72D7019F3000A5F2E /* FirebaseAnalytics in Frameworks */ = {isa = PBXBuildFile; productRef = 63A749E62D7019F3000A5F2E /* FirebaseAnalytics */; };
/* End PBXBuildFile section */

/* Begin PBXContainerItemProxy section */
		63F296152D6FE42C0020E9B7 /* PBXContainerItemProxy */ = {
			isa = PBXContainerItemProxy;
			containerPortal = 63F295FC2D6FE4260020E9B7 /* Project object */;
			proxyType = 1;
			remoteGlobalIDString = 63F296032D6FE4260020E9B7;
			remoteInfo = TaskR;
		};
		63F2961F2D6FE42C0020E9B7 /* PBXContainerItemProxy */ = {
			isa = PBXContainerItemProxy;
			containerPortal = 63F295FC2D6FE4260020E9B7 /* Project object */;
			proxyType = 1;
			remoteGlobalIDString = 63F296032D6FE4260020E9B7;
			remoteInfo = TaskR;
		};
/* End PBXContainerItemProxy section */

/* Begin PBXFileReference section */
		63F296042D6FE4260020E9B7 /* TaskR.app */ = {isa = PBXFileReference; explicitFileType = wrapper.application; includeInIndex = 0; path = TaskR.app; sourceTree = BUILT_PRODUCTS_DIR; };
		63F296142D6FE42C0020E9B7 /* TaskRTests.xctest */ = {isa = PBXFileReference; explicitFileType = wrapper.cfbundle; includeInIndex = 0; path = TaskRTests.xctest; sourceTree = BUILT_PRODUCTS_DIR; };
		63F2961E2D6FE42C0020E9B7 /* TaskRUITests.xctest */ = {isa = PBXFileReference; explicitFileType = wrapper.cfbundle; includeInIndex = 0; path = TaskRUITests.xctest; sourceTree = BUILT_PRODUCTS_DIR; };
/* End PBXFileReference section */

/* Begin PBXFileSystemSynchronizedRootGroup section */
		63F296062D6FE4260020E9B7 /* TaskR */ = {
			isa = PBXFileSystemSynchronizedRootGroup;
			path = TaskR;
			sourceTree = "<group>";
		};
		63F296172D6FE42C0020E9B7 /* TaskRTests */ = {
			isa = PBXFileSystemSynchronizedRootGroup;
			path = TaskRTests;
			sourceTree = "<group>";
		};
		63F296212D6FE42C0020E9B7 /* TaskRUITests */ = {
			isa = PBXFileSystemSynchronizedRootGroup;
			path = TaskRUITests;
			sourceTree = "<group>";
		};
/* End PBXFileSystemSynchronizedRootGroup section */

/* Begin PBXFrameworksBuildPhase section */
		63F296012D6FE4260020E9B7 /* Frameworks */ = {
			isa = PBXFrameworksBuildPhase;
			buildActionMask = 2147483647;
			files = (
				63A749E12D701657000A5F2E /* FirebaseMessaging in Frameworks */,
				63A749DD2D701657000A5F2E /* FirebaseAuth in Frameworks */,
				633E48C72D7200FD006D690A /* FirebaseFunctions in Frameworks */,
				63A749E72D7019F3000A5F2E /* FirebaseAnalytics in Frameworks */,
				63A749DF2D701657000A5F2E /* FirebaseFirestore in Frameworks */,
			);
			runOnlyForDeploymentPostprocessing = 0;
		};
		63F296112D6FE42C0020E9B7 /* Frameworks */ = {
			isa = PBXFrameworksBuildPhase;
			buildActionMask = 2147483647;
			files = (
			);
			runOnlyForDeploymentPostprocessing = 0;
		};
		63F2961B2D6FE42C0020E9B7 /* Frameworks */ = {
			isa = PBXFrameworksBuildPhase;
			buildActionMask = 2147483647;
			files = (
			);
			runOnlyForDeploymentPostprocessing = 0;
		};
/* End PBXFrameworksBuildPhase section */

/* Begin PBXGroup section */
		63F295FB2D6FE4260020E9B7 = {
			isa = PBXGroup;
			children = (
				63F296062D6FE4260020E9B7 /* TaskR */,
				63F296172D6FE42C0020E9B7 /* TaskRTests */,
				63F296212D6FE42C0020E9B7 /* TaskRUITests */,
				63F296052D6FE4260020E9B7 /* Products */,
			);
			sourceTree = "<group>";
		};
		63F296052D6FE4260020E9B7 /* Products */ = {
			isa = PBXGroup;
			children = (
				63F296042D6FE4260020E9B7 /* TaskR.app */,
				63F296142D6FE42C0020E9B7 /* TaskRTests.xctest */,
				63F2961E2D6FE42C0020E9B7 /* TaskRUITests.xctest */,
			);
			name = Products;
			sourceTree = "<group>";
		};
/* End PBXGroup section */

/* Begin PBXNativeTarget section */
		63F296032D6FE4260020E9B7 /* TaskR */ = {
			isa = PBXNativeTarget;
			buildConfigurationList = 63F296282D6FE42C0020E9B7 /* Build configuration list for PBXNativeTarget "TaskR" */;
			buildPhases = (
				63F296002D6FE4260020E9B7 /* Sources */,
				63F296012D6FE4260020E9B7 /* Frameworks */,
				63F296022D6FE4260020E9B7 /* Resources */,
			);
			buildRules = (
			);
			dependencies = (
			);
			fileSystemSynchronizedGroups = (
				63F296062D6FE4260020E9B7 /* TaskR */,
			);
			name = TaskR;
			packageProductDependencies = (
				63A749DC2D701657000A5F2E /* FirebaseAuth */,
				63A749DE2D701657000A5F2E /* FirebaseFirestore */,
				63A749E02D701657000A5F2E /* FirebaseMessaging */,
				63A749E62D7019F3000A5F2E /* FirebaseAnalytics */,
				633E48C62D7200FD006D690A /* FirebaseFunctions */,
			);
			productName = TaskR;
			productReference = 63F296042D6FE4260020E9B7 /* TaskR.app */;
			productType = "com.apple.product-type.application";
		};
		63F296132D6FE42C0020E9B7 /* TaskRTests */ = {
			isa = PBXNativeTarget;
			buildConfigurationList = 63F2962B2D6FE42C0020E9B7 /* Build configuration list for PBXNativeTarget "TaskRTests" */;
			buildPhases = (
				63F296102D6FE42C0020E9B7 /* Sources */,
				63F296112D6FE42C0020E9B7 /* Frameworks */,
				63F296122D6FE42C0020E9B7 /* Resources */,
			);
			buildRules = (
			);
			dependencies = (
				63F296162D6FE42C0020E9B7 /* PBXTargetDependency */,
			);
			fileSystemSynchronizedGroups = (
				63F296172D6FE42C0020E9B7 /* TaskRTests */,
			);
			name = TaskRTests;
			packageProductDependencies = (
			);
			productName = TaskRTests;
			productReference = 63F296142D6FE42C0020E9B7 /* TaskRTests.xctest */;
			productType = "com.apple.product-type.bundle.unit-test";
		};
		63F2961D2D6FE42C0020E9B7 /* TaskRUITests */ = {
			isa = PBXNativeTarget;
			buildConfigurationList = 63F2962E2D6FE42C0020E9B7 /* Build configuration list for PBXNativeTarget "TaskRUITests" */;
			buildPhases = (
				63F2961A2D6FE42C0020E9B7 /* Sources */,
				63F2961B2D6FE42C0020E9B7 /* Frameworks */,
				63F2961C2D6FE42C0020E9B7 /* Resources */,
			);
			buildRules = (
			);
			dependencies = (
				63F296202D6FE42C0020E9B7 /* PBXTargetDependency */,
			);
			fileSystemSynchronizedGroups = (
				63F296212D6FE42C0020E9B7 /* TaskRUITests */,
			);
			name = TaskRUITests;
			packageProductDependencies = (
			);
			productName = TaskRUITests;
			productReference = 63F2961E2D6FE42C0020E9B7 /* TaskRUITests.xctest */;
			productType = "com.apple.product-type.bundle.ui-testing";
		};
/* End PBXNativeTarget section */

/* Begin PBXProject section */
		63F295FC2D6FE4260020E9B7 /* Project object */ = {
			isa = PBXProject;
			attributes = {
				BuildIndependentTargetsInParallel = 1;
				LastSwiftUpdateCheck = 1620;
				LastUpgradeCheck = 1620;
				TargetAttributes = {
					63F296032D6FE4260020E9B7 = {
						CreatedOnToolsVersion = 16.2;
					};
					63F296132D6FE42C0020E9B7 = {
						CreatedOnToolsVersion = 16.2;
						TestTargetID = 63F296032D6FE4260020E9B7;
					};
					63F2961D2D6FE42C0020E9B7 = {
						CreatedOnToolsVersion = 16.2;
						TestTargetID = 63F296032D6FE4260020E9B7;
					};
				};
			};
			buildConfigurationList = 63F295FF2D6FE4260020E9B7 /* Build configuration list for PBXProject "TaskR" */;
			developmentRegion = en;
			hasScannedForEncodings = 0;
			knownRegions = (
				en,
				Base,
			);
			mainGroup = 63F295FB2D6FE4260020E9B7;
			minimizedProjectReferenceProxies = 1;
			packageReferences = (
				63A749DB2D701657000A5F2E /* XCRemoteSwiftPackageReference "firebase-ios-sdk" */,
			);
			preferredProjectObjectVersion = 77;
			productRefGroup = 63F296052D6FE4260020E9B7 /* Products */;
			projectDirPath = "";
			projectRoot = "";
			targets = (
				63F296032D6FE4260020E9B7 /* TaskR */,
				63F296132D6FE42C0020E9B7 /* TaskRTests */,
				63F2961D2D6FE42C0020E9B7 /* TaskRUITests */,
			);
		};
/* End PBXProject section */

/* Begin PBXResourcesBuildPhase section */
		63F296022D6FE4260020E9B7 /* Resources */ = {
			isa = PBXResourcesBuildPhase;
			buildActionMask = 2147483647;
			files = (
			);
			runOnlyForDeploymentPostprocessing = 0;
		};
		63F296122D6FE42C0020E9B7 /* Resources */ = {
			isa = PBXResourcesBuildPhase;
			buildActionMask = 2147483647;
			files = (
			);
			runOnlyForDeploymentPostprocessing = 0;
		};
		63F2961C2D6FE42C0020E9B7 /* Resources */ = {
			isa = PBXResourcesBuildPhase;
			buildActionMask = 2147483647;
			files = (
			);
			runOnlyForDeploymentPostprocessing = 0;
		};
/* End PBXResourcesBuildPhase section */

/* Begin PBXSourcesBuildPhase section */
		63F296002D6FE4260020E9B7 /* Sources */ = {
			isa = PBXSourcesBuildPhase;
			buildActionMask = 2147483647;
			files = (
			);
			runOnlyForDeploymentPostprocessing = 0;
		};
		63F296102D6FE42C0020E9B7 /* Sources */ = {
			isa = PBXSourcesBuildPhase;
			buildActionMask = 2147483647;
			files = (
			);
			runOnlyForDeploymentPostprocessing = 0;
		};
		63F2961A2D6FE42C0020E9B7 /* Sources */ = {
			isa = PBXSourcesBuildPhase;
			buildActionMask = 2147483647;
			files = (
			);
			runOnlyForDeploymentPostprocessing = 0;
		};
/* End PBXSourcesBuildPhase section */

/* Begin PBXTargetDependency section */
		63F296162D6FE42C0020E9B7 /* PBXTargetDependency */ = {
			isa = PBXTargetDependency;
			target = 63F296032D6FE4260020E9B7 /* TaskR */;
			targetProxy = 63F296152D6FE42C0020E9B7 /* PBXContainerItemProxy */;
		};
		63F296202D6FE42C0020E9B7 /* PBXTargetDependency */ = {
			isa = PBXTargetDependency;
			target = 63F296032D6FE4260020E9B7 /* TaskR */;
			targetProxy = 63F2961F2D6FE42C0020E9B7 /* PBXContainerItemProxy */;
		};
/* End PBXTargetDependency section */

/* Begin XCBuildConfiguration section */
		63F296262D6FE42C0020E9B7 /* Debug */ = {
			isa = XCBuildConfiguration;
			buildSettings = {
				ALWAYS_SEARCH_USER_PATHS = NO;
				ASSETCATALOG_COMPILER_GENERATE_SWIFT_ASSET_SYMBOL_EXTENSIONS = YES;
				CLANG_ANALYZER_NONNULL = YES;
				CLANG_ANALYZER_NUMBER_OBJECT_CONVERSION = YES_AGGRESSIVE;
				CLANG_CXX_LANGUAGE_STANDARD = "gnu++20";
				CLANG_ENABLE_MODULES = YES;
				CLANG_ENABLE_OBJC_ARC = YES;
				CLANG_ENABLE_OBJC_WEAK = YES;
				CLANG_WARN_BLOCK_CAPTURE_AUTORELEASING = YES;
				CLANG_WARN_BOOL_CONVERSION = YES;
				CLANG_WARN_COMMA = YES;
				CLANG_WARN_CONSTANT_CONVERSION = YES;
				CLANG_WARN_DEPRECATED_OBJC_IMPLEMENTATIONS = YES;
				CLANG_WARN_DIRECT_OBJC_ISA_USAGE = YES_ERROR;
				CLANG_WARN_DOCUMENTATION_COMMENTS = YES;
				CLANG_WARN_EMPTY_BODY = YES;
				CLANG_WARN_ENUM_CONVERSION = YES;
				CLANG_WARN_INFINITE_RECURSION = YES;
				CLANG_WARN_INT_CONVERSION = YES;
				CLANG_WARN_NON_LITERAL_NULL_CONVERSION = YES;
				CLANG_WARN_OBJC_IMPLICIT_RETAIN_SELF = YES;
				CLANG_WARN_OBJC_LITERAL_CONVERSION = YES;
				CLANG_WARN_OBJC_ROOT_CLASS = YES_ERROR;
				CLANG_WARN_QUOTED_INCLUDE_IN_FRAMEWORK_HEADER = YES;
				CLANG_WARN_RANGE_LOOP_ANALYSIS = YES;
				CLANG_WARN_STRICT_PROTOTYPES = YES;
				CLANG_WARN_SUSPICIOUS_MOVE = YES;
				CLANG_WARN_UNGUARDED_AVAILABILITY = YES_AGGRESSIVE;
				CLANG_WARN_UNREACHABLE_CODE = YES;
				CLANG_WARN__DUPLICATE_METHOD_MATCH = YES;
				COPY_PHASE_STRIP = NO;
				DEBUG_INFORMATION_FORMAT = dwarf;
				ENABLE_STRICT_OBJC_MSGSEND = YES;
				ENABLE_TESTABILITY = YES;
				ENABLE_USER_SCRIPT_SANDBOXING = YES;
				GCC_C_LANGUAGE_STANDARD = gnu17;
				GCC_DYNAMIC_NO_PIC = NO;
				GCC_NO_COMMON_BLOCKS = YES;
				GCC_OPTIMIZATION_LEVEL = 0;
				GCC_PREPROCESSOR_DEFINITIONS = (
					"DEBUG=1",
					"$(inherited)",
				);
				GCC_WARN_64_TO_32_BIT_CONVERSION = YES;
				GCC_WARN_ABOUT_RETURN_TYPE = YES_ERROR;
				GCC_WARN_UNDECLARED_SELECTOR = YES;
				GCC_WARN_UNINITIALIZED_AUTOS = YES_AGGRESSIVE;
				GCC_WARN_UNUSED_FUNCTION = YES;
				GCC_WARN_UNUSED_VARIABLE = YES;
				IPHONEOS_DEPLOYMENT_TARGET = 18.2;
				LOCALIZATION_PREFERS_STRING_CATALOGS = YES;
				MTL_ENABLE_DEBUG_INFO = INCLUDE_SOURCE;
				MTL_FAST_MATH = YES;
				ONLY_ACTIVE_ARCH = YES;
				SDKROOT = iphoneos;
				SWIFT_ACTIVE_COMPILATION_CONDITIONS = "DEBUG $(inherited)";
				SWIFT_OPTIMIZATION_LEVEL = "-Onone";
			};
			name = Debug;
		};
		63F296272D6FE42C0020E9B7 /* Release */ = {
			isa = XCBuildConfiguration;
			buildSettings = {
				ALWAYS_SEARCH_USER_PATHS = NO;
				ASSETCATALOG_COMPILER_GENERATE_SWIFT_ASSET_SYMBOL_EXTENSIONS = YES;
				CLANG_ANALYZER_NONNULL = YES;
				CLANG_ANALYZER_NUMBER_OBJECT_CONVERSION = YES_AGGRESSIVE;
				CLANG_CXX_LANGUAGE_STANDARD = "gnu++20";
				CLANG_ENABLE_MODULES = YES;
				CLANG_ENABLE_OBJC_ARC = YES;
				CLANG_ENABLE_OBJC_WEAK = YES;
				CLANG_WARN_BLOCK_CAPTURE_AUTORELEASING = YES;
				CLANG_WARN_BOOL_CONVERSION = YES;
				CLANG_WARN_COMMA = YES;
				CLANG_WARN_CONSTANT_CONVERSION = YES;
				CLANG_WARN_DEPRECATED_OBJC_IMPLEMENTATIONS = YES;
				CLANG_WARN_DIRECT_OBJC_ISA_USAGE = YES_ERROR;
				CLANG_WARN_DOCUMENTATION_COMMENTS = YES;
				CLANG_WARN_EMPTY_BODY = YES;
				CLANG_WARN_ENUM_CONVERSION = YES;
				CLANG_WARN_INFINITE_RECURSION = YES;
				CLANG_WARN_INT_CONVERSION = YES;
				CLANG_WARN_NON_LITERAL_NULL_CONVERSION = YES;
				CLANG_WARN_OBJC_IMPLICIT_RETAIN_SELF = YES;
				CLANG_WARN_OBJC_LITERAL_CONVERSION = YES;
				CLANG_WARN_OBJC_ROOT_CLASS = YES_ERROR;
				CLANG_WARN_QUOTED_INCLUDE_IN_FRAMEWORK_HEADER = YES;
				CLANG_WARN_RANGE_LOOP_ANALYSIS = YES;
				CLANG_WARN_STRICT_PROTOTYPES = YES;
				CLANG_WARN_SUSPICIOUS_MOVE = YES;
				CLANG_WARN_UNGUARDED_AVAILABILITY = YES_AGGRESSIVE;
				CLANG_WARN_UNREACHABLE_CODE = YES;
				CLANG_WARN__DUPLICATE_METHOD_MATCH = YES;
				COPY_PHASE_STRIP = NO;
				DEBUG_INFORMATION_FORMAT = "dwarf-with-dsym";
				ENABLE_NS_ASSERTIONS = NO;
				ENABLE_STRICT_OBJC_MSGSEND = YES;
				ENABLE_USER_SCRIPT_SANDBOXING = YES;
				GCC_C_LANGUAGE_STANDARD = gnu17;
				GCC_NO_COMMON_BLOCKS = YES;
				GCC_WARN_64_TO_32_BIT_CONVERSION = YES;
				GCC_WARN_ABOUT_RETURN_TYPE = YES_ERROR;
				GCC_WARN_UNDECLARED_SELECTOR = YES;
				GCC_WARN_UNINITIALIZED_AUTOS = YES_AGGRESSIVE;
				GCC_WARN_UNUSED_FUNCTION = YES;
				GCC_WARN_UNUSED_VARIABLE = YES;
				IPHONEOS_DEPLOYMENT_TARGET = 18.2;
				LOCALIZATION_PREFERS_STRING_CATALOGS = YES;
				MTL_ENABLE_DEBUG_INFO = NO;
				MTL_FAST_MATH = YES;
				SDKROOT = iphoneos;
				SWIFT_COMPILATION_MODE = wholemodule;
				VALIDATE_PRODUCT = YES;
			};
			name = Release;
		};
		63F296292D6FE42C0020E9B7 /* Debug */ = {
			isa = XCBuildConfiguration;
			buildSettings = {
				ASSETCATALOG_COMPILER_APPICON_NAME = AppIcon;
				ASSETCATALOG_COMPILER_GLOBAL_ACCENT_COLOR_NAME = AccentColor;
				CODE_SIGN_STYLE = Automatic;
				CURRENT_PROJECT_VERSION = 1;
				DEVELOPMENT_ASSET_PATHS = "\"TaskR/Preview Content\"";
				DEVELOPMENT_TEAM = 55GP43KTVG;
				ENABLE_PREVIEWS = YES;
				GENERATE_INFOPLIST_FILE = YES;
				INFOPLIST_KEY_UIApplicationSceneManifest_Generation = YES;
				INFOPLIST_KEY_UIApplicationSupportsIndirectInputEvents = YES;
				INFOPLIST_KEY_UILaunchScreen_Generation = YES;
				INFOPLIST_KEY_UISupportedInterfaceOrientations_iPad = "UIInterfaceOrientationPortrait UIInterfaceOrientationPortraitUpsideDown UIInterfaceOrientationLandscapeLeft UIInterfaceOrientationLandscapeRight";
				INFOPLIST_KEY_UISupportedInterfaceOrientations_iPhone = "UIInterfaceOrientationPortrait UIInterfaceOrientationLandscapeLeft UIInterfaceOrientationLandscapeRight";
				LD_RUNPATH_SEARCH_PATHS = (
					"$(inherited)",
					"@executable_path/Frameworks",
				);
				MARKETING_VERSION = 1.0;
				PRODUCT_BUNDLE_IDENTIFIER = com.EzraSchwartz.TaskR;
				PRODUCT_NAME = "$(TARGET_NAME)";
				SWIFT_EMIT_LOC_STRINGS = YES;
				SWIFT_VERSION = 5.0;
				TARGETED_DEVICE_FAMILY = "1,2";
			};
			name = Debug;
		};
		63F2962A2D6FE42C0020E9B7 /* Release */ = {
			isa = XCBuildConfiguration;
			buildSettings = {
				ASSETCATALOG_COMPILER_APPICON_NAME = AppIcon;
				ASSETCATALOG_COMPILER_GLOBAL_ACCENT_COLOR_NAME = AccentColor;
				CODE_SIGN_STYLE = Automatic;
				CURRENT_PROJECT_VERSION = 1;
				DEVELOPMENT_ASSET_PATHS = "\"TaskR/Preview Content\"";
				DEVELOPMENT_TEAM = 55GP43KTVG;
				ENABLE_PREVIEWS = YES;
				GENERATE_INFOPLIST_FILE = YES;
				INFOPLIST_KEY_UIApplicationSceneManifest_Generation = YES;
				INFOPLIST_KEY_UIApplicationSupportsIndirectInputEvents = YES;
				INFOPLIST_KEY_UILaunchScreen_Generation = YES;
				INFOPLIST_KEY_UISupportedInterfaceOrientations_iPad = "UIInterfaceOrientationPortrait UIInterfaceOrientationPortraitUpsideDown UIInterfaceOrientationLandscapeLeft UIInterfaceOrientationLandscapeRight";
				INFOPLIST_KEY_UISupportedInterfaceOrientations_iPhone = "UIInterfaceOrientationPortrait UIInterfaceOrientationLandscapeLeft UIInterfaceOrientationLandscapeRight";
				LD_RUNPATH_SEARCH_PATHS = (
					"$(inherited)",
					"@executable_path/Frameworks",
				);
				MARKETING_VERSION = 1.0;
				PRODUCT_BUNDLE_IDENTIFIER = com.EzraSchwartz.TaskR;
				PRODUCT_NAME = "$(TARGET_NAME)";
				SWIFT_EMIT_LOC_STRINGS = YES;
				SWIFT_VERSION = 5.0;
				TARGETED_DEVICE_FAMILY = "1,2";
			};
			name = Release;
		};
		63F2962C2D6FE42C0020E9B7 /* Debug */ = {
			isa = XCBuildConfiguration;
			buildSettings = {
				BUNDLE_LOADER = "$(TEST_HOST)";
				CODE_SIGN_STYLE = Automatic;
				CURRENT_PROJECT_VERSION = 1;
				DEVELOPMENT_TEAM = 55GP43KTVG;
				GENERATE_INFOPLIST_FILE = YES;
				IPHONEOS_DEPLOYMENT_TARGET = 18.2;
				MARKETING_VERSION = 1.0;
				PRODUCT_BUNDLE_IDENTIFIER = EzraSchwartz.TaskRTests;
				PRODUCT_NAME = "$(TARGET_NAME)";
				SWIFT_EMIT_LOC_STRINGS = NO;
				SWIFT_VERSION = 5.0;
				TARGETED_DEVICE_FAMILY = "1,2";
				TEST_HOST = "$(BUILT_PRODUCTS_DIR)/TaskR.app/$(BUNDLE_EXECUTABLE_FOLDER_PATH)/TaskR";
			};
			name = Debug;
		};
		63F2962D2D6FE42C0020E9B7 /* Release */ = {
			isa = XCBuildConfiguration;
			buildSettings = {
				BUNDLE_LOADER = "$(TEST_HOST)";
				CODE_SIGN_STYLE = Automatic;
				CURRENT_PROJECT_VERSION = 1;
				DEVELOPMENT_TEAM = 55GP43KTVG;
				GENERATE_INFOPLIST_FILE = YES;
				IPHONEOS_DEPLOYMENT_TARGET = 18.2;
				MARKETING_VERSION = 1.0;
				PRODUCT_BUNDLE_IDENTIFIER = EzraSchwartz.TaskRTests;
				PRODUCT_NAME = "$(TARGET_NAME)";
				SWIFT_EMIT_LOC_STRINGS = NO;
				SWIFT_VERSION = 5.0;
				TARGETED_DEVICE_FAMILY = "1,2";
				TEST_HOST = "$(BUILT_PRODUCTS_DIR)/TaskR.app/$(BUNDLE_EXECUTABLE_FOLDER_PATH)/TaskR";
			};
			name = Release;
		};
		63F2962F2D6FE42C0020E9B7 /* Debug */ = {
			isa = XCBuildConfiguration;
			buildSettings = {
				CODE_SIGN_STYLE = Automatic;
				CURRENT_PROJECT_VERSION = 1;
				DEVELOPMENT_TEAM = 55GP43KTVG;
				GENERATE_INFOPLIST_FILE = YES;
				MARKETING_VERSION = 1.0;
				PRODUCT_BUNDLE_IDENTIFIER = EzraSchwartz.TaskRUITests;
				PRODUCT_NAME = "$(TARGET_NAME)";
				SWIFT_EMIT_LOC_STRINGS = NO;
				SWIFT_VERSION = 5.0;
				TARGETED_DEVICE_FAMILY = "1,2";
				TEST_TARGET_NAME = TaskR;
			};
			name = Debug;
		};
		63F296302D6FE42C0020E9B7 /* Release */ = {
			isa = XCBuildConfiguration;
			buildSettings = {
				CODE_SIGN_STYLE = Automatic;
				CURRENT_PROJECT_VERSION = 1;
				DEVELOPMENT_TEAM = 55GP43KTVG;
				GENERATE_INFOPLIST_FILE = YES;
				MARKETING_VERSION = 1.0;
				PRODUCT_BUNDLE_IDENTIFIER = EzraSchwartz.TaskRUITests;
				PRODUCT_NAME = "$(TARGET_NAME)";
				SWIFT_EMIT_LOC_STRINGS = NO;
				SWIFT_VERSION = 5.0;
				TARGETED_DEVICE_FAMILY = "1,2";
				TEST_TARGET_NAME = TaskR;
			};
			name = Release;
		};
/* End XCBuildConfiguration section */

/* Begin XCConfigurationList section */
		63F295FF2D6FE4260020E9B7 /* Build configuration list for PBXProject "TaskR" */ = {
			isa = XCConfigurationList;
			buildConfigurations = (
				63F296262D6FE42C0020E9B7 /* Debug */,
				63F296272D6FE42C0020E9B7 /* Release */,
			);
			defaultConfigurationIsVisible = 0;
			defaultConfigurationName = Release;
		};
		63F296282D6FE42C0020E9B7 /* Build configuration list for PBXNativeTarget "TaskR" */ = {
			isa = XCConfigurationList;
			buildConfigurations = (
				63F296292D6FE42C0020E9B7 /* Debug */,
				63F2962A2D6FE42C0020E9B7 /* Release */,
			);
			defaultConfigurationIsVisible = 0;
			defaultConfigurationName = Release;
		};
		63F2962B2D6FE42C0020E9B7 /* Build configuration list for PBXNativeTarget "TaskRTests" */ = {
			isa = XCConfigurationList;
			buildConfigurations = (
				63F2962C2D6FE42C0020E9B7 /* Debug */,
				63F2962D2D6FE42C0020E9B7 /* Release */,
			);
			defaultConfigurationIsVisible = 0;
			defaultConfigurationName = Release;
		};
		63F2962E2D6FE42C0020E9B7 /* Build configuration list for PBXNativeTarget "TaskRUITests" */ = {
			isa = XCConfigurationList;
			buildConfigurations = (
				63F2962F2D6FE42C0020E9B7 /* Debug */,
				63F296302D6FE42C0020E9B7 /* Release */,
			);
			defaultConfigurationIsVisible = 0;
			defaultConfigurationName = Release;
		};
/* End XCConfigurationList section */

/* Begin XCRemoteSwiftPackageReference section */
		63A749DB2D701657000A5F2E /* XCRemoteSwiftPackageReference "firebase-ios-sdk" */ = {
			isa = XCRemoteSwiftPackageReference;
			repositoryURL = "https://github.com/firebase/firebase-ios-sdk";
			requirement = {
				kind = upToNextMajorVersion;
				minimumVersion = 11.9.0;
			};
		};
/* End XCRemoteSwiftPackageReference section */

/* Begin XCSwiftPackageProductDependency section */
		633E48C62D7200FD006D690A /* FirebaseFunctions */ = {
			isa = XCSwiftPackageProductDependency;
			package = 63A749DB2D701657000A5F2E /* XCRemoteSwiftPackageReference "firebase-ios-sdk" */;
			productName = FirebaseFunctions;
		};
		63A749DC2D701657000A5F2E /* FirebaseAuth */ = {
			isa = XCSwiftPackageProductDependency;
			package = 63A749DB2D701657000A5F2E /* XCRemoteSwiftPackageReference "firebase-ios-sdk" */;
			productName = FirebaseAuth;
		};
		63A749DE2D701657000A5F2E /* FirebaseFirestore */ = {
			isa = XCSwiftPackageProductDependency;
			package = 63A749DB2D701657000A5F2E /* XCRemoteSwiftPackageReference "firebase-ios-sdk" */;
			productName = FirebaseFirestore;
		};
		63A749E02D701657000A5F2E /* FirebaseMessaging */ = {
			isa = XCSwiftPackageProductDependency;
			package = 63A749DB2D701657000A5F2E /* XCRemoteSwiftPackageReference "firebase-ios-sdk" */;
			productName = FirebaseMessaging;
		};
		63A749E62D7019F3000A5F2E /* FirebaseAnalytics */ = {
			isa = XCSwiftPackageProductDependency;
			package = 63A749DB2D701657000A5F2E /* XCRemoteSwiftPackageReference "firebase-ios-sdk" */;
			productName = FirebaseAnalytics;
		};
/* End XCSwiftPackageProductDependency section */
	};
	rootObject = 63F295FC2D6FE4260020E9B7 /* Project object */;
}
